// !$*UTF8*$!
{
	archiveVersion = 1;
	classes = {
	};
	objectVersion = 48;
	objects = {

/* Begin PBXBuildFile section */
		749945731FF1BC50006CE0C3 /* AppDelegate.swift in Sources */ = {isa = PBXBuildFile; fileRef = 749945721FF1BC50006CE0C3 /* AppDelegate.swift */; };
		749945781FF1BC50006CE0C3 /* Main.storyboard in Resources */ = {isa = PBXBuildFile; fileRef = 749945761FF1BC50006CE0C3 /* Main.storyboard */; };
		7499457A1FF1BC50006CE0C3 /* Assets.xcassets in Resources */ = {isa = PBXBuildFile; fileRef = 749945791FF1BC50006CE0C3 /* Assets.xcassets */; };
		7499457D1FF1BC50006CE0C3 /* LaunchScreen.storyboard in Resources */ = {isa = PBXBuildFile; fileRef = 7499457B1FF1BC50006CE0C3 /* LaunchScreen.storyboard */; };
		749945871FF1C27D006CE0C3 /* MasterViewController.swift in Sources */ = {isa = PBXBuildFile; fileRef = 749945861FF1C27D006CE0C3 /* MasterViewController.swift */; };
		749945891FF1C46A006CE0C3 /* DetailViewController.swift in Sources */ = {isa = PBXBuildFile; fileRef = 749945881FF1C46A006CE0C3 /* DetailViewController.swift */; };
		7499458B1FF22497006CE0C3 /* Monster.swift in Sources */ = {isa = PBXBuildFile; fileRef = 7499458A1FF22497006CE0C3 /* Monster.swift */; };
		7499458D1FF32471006CE0C3 /* ReadMe.txt in Resources */ = {isa = PBXBuildFile; fileRef = 7499458C1FF32471006CE0C3 /* ReadMe.txt */; };
/* End PBXBuildFile section */

/* Begin PBXFileReference section */
		7499456F1FF1BC50006CE0C3 /* MathMonsters.app */ = {isa = PBXFileReference; explicitFileType = wrapper.application; includeInIndex = 0; path = MathMonsters.app; sourceTree = BUILT_PRODUCTS_DIR; };
		749945721FF1BC50006CE0C3 /* AppDelegate.swift */ = {isa = PBXFileReference; lastKnownFileType = sourcecode.swift; path = AppDelegate.swift; sourceTree = "<group>"; };
		749945771FF1BC50006CE0C3 /* Base */ = {isa = PBXFileReference; lastKnownFileType = file.storyboard; name = Base; path = Base.lproj/Main.storyboard; sourceTree = "<group>"; };
		749945791FF1BC50006CE0C3 /* Assets.xcassets */ = {isa = PBXFileReference; lastKnownFileType = folder.assetcatalog; path = Assets.xcassets; sourceTree = "<group>"; };
		7499457C1FF1BC50006CE0C3 /* Base */ = {isa = PBXFileReference; lastKnownFileType = file.storyboard; name = Base; path = Base.lproj/LaunchScreen.storyboard; sourceTree = "<group>"; };
		7499457E1FF1BC50006CE0C3 /* Info.plist */ = {isa = PBXFileReference; lastKnownFileType = text.plist.xml; path = Info.plist; sourceTree = "<group>"; };
		749945861FF1C27D006CE0C3 /* MasterViewController.swift */ = {isa = PBXFileReference; lastKnownFileType = sourcecode.swift; path = MasterViewController.swift; sourceTree = "<group>"; };
		749945881FF1C46A006CE0C3 /* DetailViewController.swift */ = {isa = PBXFileReference; lastKnownFileType = sourcecode.swift; path = DetailViewController.swift; sourceTree = "<group>"; };
		7499458A1FF22497006CE0C3 /* Monster.swift */ = {isa = PBXFileReference; lastKnownFileType = sourcecode.swift; path = Monster.swift; sourceTree = "<group>"; };
		7499458C1FF32471006CE0C3 /* ReadMe.txt */ = {isa = PBXFileReference; lastKnownFileType = text; path = ReadMe.txt; sourceTree = "<group>"; };
/* End PBXFileReference section */

/* Begin PBXFrameworksBuildPhase section */
		7499456C1FF1BC50006CE0C3 /* Frameworks */ = {
			isa = PBXFrameworksBuildPhase;
			buildActionMask = 2147483647;
			files = (
			);
			runOnlyForDeploymentPostprocessing = 0;
		};
/* End PBXFrameworksBuildPhase section */

/* Begin PBXGroup section */
		749945661FF1BC50006CE0C3 = {
			isa = PBXGroup;
			children = (
				749945711FF1BC50006CE0C3 /* MathMonsters */,
				749945701FF1BC50006CE0C3 /* Products */,
			);
			sourceTree = "<group>";
		};
		749945701FF1BC50006CE0C3 /* Products */ = {
			isa = PBXGroup;
			children = (
				7499456F1FF1BC50006CE0C3 /* MathMonsters.app */,
			);
			name = Products;
			sourceTree = "<group>";
		};
		749945711FF1BC50006CE0C3 /* MathMonsters */ = {
			isa = PBXGroup;
			children = (
				749945721FF1BC50006CE0C3 /* AppDelegate.swift */,
				7499458C1FF32471006CE0C3 /* ReadMe.txt */,
				749945761FF1BC50006CE0C3 /* Main.storyboard */,
				749945861FF1C27D006CE0C3 /* MasterViewController.swift */,
				7499458A1FF22497006CE0C3 /* Monster.swift */,
				749945881FF1C46A006CE0C3 /* DetailViewController.swift */,
				749945791FF1BC50006CE0C3 /* Assets.xcassets */,
				7499457B1FF1BC50006CE0C3 /* LaunchScreen.storyboard */,
				7499457E1FF1BC50006CE0C3 /* Info.plist */,
			);
			path = MathMonsters;
			sourceTree = "<group>";
		};
/* End PBXGroup section */

/* Begin PBXNativeTarget section */
		7499456E1FF1BC50006CE0C3 /* MathMonsters */ = {
			isa = PBXNativeTarget;
			buildConfigurationList = 749945811FF1BC50006CE0C3 /* Build configuration list for PBXNativeTarget "MathMonsters" */;
			buildPhases = (
				7499456B1FF1BC50006CE0C3 /* Sources */,
				7499456C1FF1BC50006CE0C3 /* Frameworks */,
				7499456D1FF1BC50006CE0C3 /* Resources */,
			);
			buildRules = (
			);
			dependencies = (
			);
			name = MathMonsters;
			productName = MathMonsters;
			productReference = 7499456F1FF1BC50006CE0C3 /* MathMonsters.app */;
			productType = "com.apple.product-type.application";
		};
/* End PBXNativeTarget section */

/* Begin PBXProject section */
		749945671FF1BC50006CE0C3 /* Project object */ = {
			isa = PBXProject;
			attributes = {
				LastSwiftUpdateCheck = 0920;
				LastUpgradeCheck = 0920;
				ORGANIZATIONNAME = "Sullivan Apps";
				TargetAttributes = {
					7499456E1FF1BC50006CE0C3 = {
						CreatedOnToolsVersion = 9.2;
						ProvisioningStyle = Automatic;
					};
				};
			};
			buildConfigurationList = 7499456A1FF1BC50006CE0C3 /* Build configuration list for PBXProject "MathMonsters" */;
			compatibilityVersion = "Xcode 8.0";
			developmentRegion = en;
			hasScannedForEncodings = 0;
			knownRegions = (
				en,
				Base,
			);
			mainGroup = 749945661FF1BC50006CE0C3;
			productRefGroup = 749945701FF1BC50006CE0C3 /* Products */;
			projectDirPath = "";
			projectRoot = "";
			targets = (
				7499456E1FF1BC50006CE0C3 /* MathMonsters */,
			);
		};
/* End PBXProject section */

/* Begin PBXResourcesBuildPhase section */
		7499456D1FF1BC50006CE0C3 /* Resources */ = {
			isa = PBXResourcesBuildPhase;
			buildActionMask = 2147483647;
			files = (
				7499457D1FF1BC50006CE0C3 /* LaunchScreen.storyboard in Resources */,
				7499457A1FF1BC50006CE0C3 /* Assets.xcassets in Resources */,
				7499458D1FF32471006CE0C3 /* ReadMe.txt in Resources */,
				749945781FF1BC50006CE0C3 /* Main.storyboard in Resources */,
			);
			runOnlyForDeploymentPostprocessing = 0;
		};
/* End PBXResourcesBuildPhase section */

/* Begin PBXSourcesBuildPhase section */
		7499456B1FF1BC50006CE0C3 /* Sources */ = {
			isa = PBXSourcesBuildPhase;
			buildActionMask = 2147483647;
			files = (
				7499458B1FF22497006CE0C3 /* Monster.swift in Sources */,
				749945891FF1C46A006CE0C3 /* DetailViewController.swift in Sources */,
				749945871FF1C27D006CE0C3 /* MasterViewController.swift in Sources */,
				749945731FF1BC50006CE0C3 /* AppDelegate.swift in Sources */,
			);
			runOnlyForDeploymentPostprocessing = 0;
		};
/* End PBXSourcesBuildPhase section */

/* Begin PBXVariantGroup section */
		749945761FF1BC50006CE0C3 /* Main.storyboard */ = {
			isa = PBXVariantGroup;
			children = (
				749945771FF1BC50006CE0C3 /* Base */,
			);
			name = Main.storyboard;
			sourceTree = "<group>";
		};
		7499457B1FF1BC50006CE0C3 /* LaunchScreen.storyboard */ = {
			isa = PBXVariantGroup;
			children = (
				7499457C1FF1BC50006CE0C3 /* Base */,
			);
			name = LaunchScreen.storyboard;
			sourceTree = "<group>";
		};
/* End PBXVariantGroup section */

/* Begin XCBuildConfiguration section */
		7499457F1FF1BC50006CE0C3 /* Debug */ = {
			isa = XCBuildConfiguration;
			buildSettings = {
				ALWAYS_SEARCH_USER_PATHS = NO;
				CLANG_ANALYZER_NONNULL = YES;
				CLANG_ANALYZER_NUMBER_OBJECT_CONVERSION = YES_AGGRESSIVE;
				CLANG_CXX_LANGUAGE_STANDARD = "gnu++14";
				CLANG_CXX_LIBRARY = "libc++";
				CLANG_ENABLE_MODULES = YES;
				CLANG_ENABLE_OBJC_ARC = YES;
				CLANG_WARN_BLOCK_CAPTURE_AUTORELEASING = YES;
				CLANG_WARN_BOOL_CONVERSION = YES;
				CLANG_WARN_COMMA = YES;
				CLANG_WARN_CONSTANT_CONVERSION = YES;
				CLANG_WARN_DIRECT_OBJC_ISA_USAGE = YES_ERROR;
				CLANG_WARN_DOCUMENTATION_COMMENTS = YES;
				CLANG_WARN_EMPTY_BODY = YES;
				CLANG_WARN_ENUM_CONVERSION = YES;
				CLANG_WARN_INFINITE_RECURSION = YES;
				CLANG_WARN_INT_CONVERSION = YES;
				CLANG_WARN_NON_LITERAL_NULL_CONVERSION = YES;
				CLANG_WARN_OBJC_LITERAL_CONVERSION = YES;
				CLANG_WARN_OBJC_ROOT_CLASS = YES_ERROR;
				CLANG_WARN_RANGE_LOOP_ANALYSIS = YES;
				CLANG_WARN_STRICT_PROTOTYPES = YES;
				CLANG_WARN_SUSPICIOUS_MOVE = YES;
				CLANG_WARN_UNGUARDED_AVAILABILITY = YES_AGGRESSIVE;
				CLANG_WARN_UNREACHABLE_CODE = YES;
				CLANG_WARN__DUPLICATE_METHOD_MATCH = YES;
				CODE_SIGN_IDENTITY = "iPhone Developer";
				COPY_PHASE_STRIP = NO;
				DEBUG_INFORMATION_FORMAT = dwarf;
				ENABLE_STRICT_OBJC_MSGSEND = YES;
				ENABLE_TESTABILITY = YES;
				GCC_C_LANGUAGE_STANDARD = gnu11;
				GCC_DYNAMIC_NO_PIC = NO;
				GCC_NO_COMMON_BLOCKS = YES;
				GCC_OPTIMIZATION_LEVEL = 0;
				GCC_PREPROCESSOR_DEFINITIONS = (
					"DEBUG=1",
					"$(inherited)",
				);
				GCC_WARN_64_TO_32_BIT_CONVERSION = YES;
				GCC_WARN_ABOUT_RETURN_TYPE = YES_ERROR;
				GCC_WARN_UNDECLARED_SELECTOR = YES;
				GCC_WARN_UNINITIALIZED_AUTOS = YES_AGGRESSIVE;
				GCC_WARN_UNUSED_FUNCTION = YES;
				GCC_WARN_UNUSED_VARIABLE = YES;
				IPHONEOS_DEPLOYMENT_TARGET = 11.2;
				MTL_ENABLE_DEBUG_INFO = YES;
				ONLY_ACTIVE_ARCH = YES;
				SDKROOT = iphoneos;
				SWIFT_ACTIVE_COMPILATION_CONDITIONS = DEBUG;
				SWIFT_OPTIMIZATION_LEVEL = "-Onone";
			};
			name = Debug;
		};
		749945801FF1BC50006CE0C3 /* Release */ = {
			isa = XCBuildConfiguration;
			buildSettings = {
				ALWAYS_SEARCH_USER_PATHS = NO;
				CLANG_ANALYZER_NONNULL = YES;
				CLANG_ANALYZER_NUMBER_OBJECT_CONVERSION = YES_AGGRESSIVE;
				CLANG_CXX_LANGUAGE_STANDARD = "gnu++14";
				CLANG_CXX_LIBRARY = "libc++";
				CLANG_ENABLE_MODULES = YES;
				CLANG_ENABLE_OBJC_ARC = YES;
				CLANG_WARN_BLOCK_CAPTURE_AUTORELEASING = YES;
				CLANG_WARN_BOOL_CONVERSION = YES;
				CLANG_WARN_COMMA = YES;
				CLANG_WARN_CONSTANT_CONVERSION = YES;
				CLANG_WARN_DIRECT_OBJC_ISA_USAGE = YES_ERROR;
				CLANG_WARN_DOCUMENTATION_COMMENTS = YES;
				CLANG_WARN_EMPTY_BODY = YES;
				CLANG_WARN_ENUM_CONVERSION = YES;
				CLANG_WARN_INFINITE_RECURSION = YES;
				CLANG_WARN_INT_CONVERSION = YES;
				CLANG_WARN_NON_LITERAL_NULL_CONVERSION = YES;
				CLANG_WARN_OBJC_LITERAL_CONVERSION = YES;
				CLANG_WARN_OBJC_ROOT_CLASS = YES_ERROR;
				CLANG_WARN_RANGE_LOOP_ANALYSIS = YES;
				CLANG_WARN_STRICT_PROTOTYPES = YES;
				CLANG_WARN_SUSPICIOUS_MOVE = YES;
				CLANG_WARN_UNGUARDED_AVAILABILITY = YES_AGGRESSIVE;
				CLANG_WARN_UNREACHABLE_CODE = YES;
				CLANG_WARN__DUPLICATE_METHOD_MATCH = YES;
				CODE_SIGN_IDENTITY = "iPhone Developer";
				COPY_PHASE_STRIP = NO;
				DEBUG_INFORMATION_FORMAT = "dwarf-with-dsym";
				ENABLE_NS_ASSERTIONS = NO;
				ENABLE_STRICT_OBJC_MSGSEND = YES;
				GCC_C_LANGUAGE_STANDARD = gnu11;
				GCC_NO_COMMON_BLOCKS = YES;
				GCC_WARN_64_TO_32_BIT_CONVERSION = YES;
				GCC_WARN_ABOUT_RETURN_TYPE = YES_ERROR;
				GCC_WARN_UNDECLARED_SELECTOR = YES;
				GCC_WARN_UNINITIALIZED_AUTOS = YES_AGGRESSIVE;
				GCC_WARN_UNUSED_FUNCTION = YES;
				GCC_WARN_UNUSED_VARIABLE = YES;
				IPHONEOS_DEPLOYMENT_TARGET = 11.2;
				MTL_ENABLE_DEBUG_INFO = NO;
				SDKROOT = iphoneos;
				SWIFT_OPTIMIZATION_LEVEL = "-Owholemodule";
				VALIDATE_PRODUCT = YES;
			};
			name = Release;
		};
		749945821FF1BC50006CE0C3 /* Debug */ = {
			isa = XCBuildConfiguration;
			buildSettings = {
				ASSETCATALOG_COMPILER_APPICON_NAME = AppIcon;
				CODE_SIGN_STYLE = Automatic;
				INFOPLIST_FILE = MathMonsters/Info.plist;
				LD_RUNPATH_SEARCH_PATHS = "$(inherited) @executable_path/Frameworks";
				PRODUCT_BUNDLE_IDENTIFIER = co.nz.sullivanapps.chris.MathMonsters;
				PRODUCT_NAME = "$(TARGET_NAME)";
				SWIFT_VERSION = 4.0;
				TARGETED_DEVICE_FAMILY = "1,2";
			};
			name = Debug;
		};
		749945831FF1BC50006CE0C3 /* Release */ = {
			isa = XCBuildConfiguration;
			buildSettings = {
				ASSETCATALOG_COMPILER_APPICON_NAME = AppIcon;
				CODE_SIGN_STYLE = Automatic;
				INFOPLIST_FILE = MathMonsters/Info.plist;
				LD_RUNPATH_SEARCH_PATHS = "$(inherited) @executable_path/Frameworks";
				PRODUCT_BUNDLE_IDENTIFIER = co.nz.sullivanapps.chris.MathMonsters;
				PRODUCT_NAME = "$(TARGET_NAME)";
				SWIFT_VERSION = 4.0;
				TARGETED_DEVICE_FAMILY = "1,2";
			};
			name = Release;
		};
/* End XCBuildConfiguration section */

/* Begin XCConfigurationList section */
		7499456A1FF1BC50006CE0C3 /* Build configuration list for PBXProject "MathMonsters" */ = {
			isa = XCConfigurationList;
			buildConfigurations = (
				7499457F1FF1BC50006CE0C3 /* Debug */,
				749945801FF1BC50006CE0C3 /* Release */,
			);
			defaultConfigurationIsVisible = 0;
			defaultConfigurationName = Release;
		};
		749945811FF1BC50006CE0C3 /* Build configuration list for PBXNativeTarget "MathMonsters" */ = {
			isa = XCConfigurationList;
			buildConfigurations = (
				749945821FF1BC50006CE0C3 /* Debug */,
				749945831FF1BC50006CE0C3 /* Release */,
			);
			defaultConfigurationIsVisible = 0;
			defaultConfigurationName = Release;
		};
/* End XCConfigurationList section */
	};
	rootObject = 749945671FF1BC50006CE0C3 /* Project object */;
}
